
Microsoft Visual Studio Solution File, Format Version 12.00
# Visual Studio Version 16
VisualStudioVersion = 16.0.31515.178
MinimumVisualStudioVersion = 10.0.40219.1
Project("{FAE04EC0-301F-11D3-BF4B-00C04F79EFBC}") = "cw69", "cw69.csproj", "{22212E11-8042-4B5D-98CE-6490EF836619}"
EndProject
Global
	GlobalSection(SolutionConfigurationPlatforms) = preSolution
		Debug|Any CPU = Debug|Any CPU
		Release|Any CPU = Release|Any CPU
	EndGlobalSection
	GlobalSection(ProjectConfigurationPlatforms) = postSolution
		{22212E11-8042-4B5D-98CE-6490EF836619}.Debug|Any CPU.ActiveCfg = Debug|Any CPU
		{22212E11-8042-4B5D-98CE-6490EF836619}.Debug|Any CPU.Build.0 = Debug|Any CPU
		{22212E11-8042-4B5D-98CE-6490EF836619}.Release|Any CPU.ActiveCfg = Release|Any CPU
		{22212E11-8042-4B5D-98CE-6490EF836619}.Release|Any CPU.Build.0 = Release|Any CPU
	EndGlobalSection
	GlobalSection(SolutionProperties) = preSolution
		HideSolutionNode = FALSE
	EndGlobalSection
	GlobalSection(ExtensibilityGlobals) = postSolution
		SolutionGuid = {63AF4003-08DC-4973-B8C1-7795CBBD9ECE}
	EndGlobalSection
EndGlobal
